# THIS IS AN AUTOGENERATED FILE. DO NOT EDIT THIS FILE DIRECTLY.
# yarn lockfile v1


convert-csv-to-json@^1.5.0:
  version "1.5.0"
  resolved "https://registry.yarnpkg.com/convert-csv-to-json/-/convert-csv-to-json-1.5.0.tgz#cd903ec3403d438c1eea29276063a533a5892908"
  integrity sha512-jqhcLPjlaGy2OOOvkUuuiuig1QFBqP5BMeUP6bSIJ/rvXceRMqLFfvR7xri6SQwhdHLtlPCv3MCvmFisla7m/A==

csv-generate@^4.2.1:
  version "4.2.1"
  resolved "https://registry.yarnpkg.com/csv-generate/-/csv-generate-4.2.1.tgz#2a0c5f0d9a5b6f7a0c1fee40f028707af048b31b"
  integrity sha512-w6GFHjvApv6bcJ2xdi9JGsH6ZvUBfC+vUdfefnEzurXG6hMRwzkBLnhztU2H7v7+zfCk1I/knnQ+tGbgpxWrBw==

csv-parse@^5.3.3:
  version "5.3.3"
  resolved "https://registry.yarnpkg.com/csv-parse/-/csv-parse-5.3.3.tgz#3b75d2279e2edb550cbc54c65b25cbbf3d0033ad"
  integrity sha512-kEWkAPleNEdhFNkHQpFHu9RYPogsFj3dx6bCxL847fsiLgidzWg0z/O0B1kVWMJUc5ky64zGp18LX2T3DQrOfw==

csv-stringify@^6.2.3:
  version "6.2.3"
  resolved "https://registry.yarnpkg.com/csv-stringify/-/csv-stringify-6.2.3.tgz#fefd25e66fd48f8f42f43b85a66a4663a2c3e796"
  integrity sha512-4qGjUMwnlaRc00gc2jrIYh2w/h1fo25B0mTuY9K8fBiIgtmCX3LcgUbrEGViL98Ci4Se/F5LFEtu8k+dItJVZQ==

csv@^6.2.5:
  version "6.2.5"
  resolved "https://registry.yarnpkg.com/csv/-/csv-6.2.5.tgz#e01fd3db2f0856a120ae9140bd179c1a186ee2b9"
  integrity sha512-T+K0H7MIrlrnP6KxYKo3lK+uLl6OC2Gmwdd81TG/VdkhKvpatl35sR7tyRSpDLGl22y2T+q9KvNHnVtn4OAscQ==
  dependencies:
    csv-generate "^4.2.1"
    csv-parse "^5.3.3"
    csv-stringify "^6.2.3"
    stream-transform "^3.2.1"

stream-transform@^3.2.1:
  version "3.2.1"
  resolved "https://registry.yarnpkg.com/stream-transform/-/stream-transform-3.2.1.tgz#4c8cbdd3e4fa7254c770ef34a962cec68349fcb0"
  integrity sha512-ApK+WTJ5bCOf0A2tlec1qhvr8bGEBM/sgXXB7mysdCYgZJO5DZeaV3h3G+g0HnAQ372P5IhiGqnW29zoLOfTzQ==